{
  "name": "exlement",
  "version": "1.2.0",
  "lockfileVersion": 3,
  "requires": true,
  "packages": {
    "": {
      "name": "exlement",
      "version": "1.2.0",
      "license": "MIT",
      "dependencies": {
        "exlement": "file:"
      }
    },
    "node_modules/exlement": {
      "resolved": "",
      "link": true
    }
  }
}
